
Microsoft Visual Studio Solution File, Format Version 12.00
# Visual Studio Version 16
VisualStudioVersion = 16.0.31702.278
MinimumVisualStudioVersion = 10.0.40219.1
Project("{FAE04EC0-301F-11D3-BF4B-00C04F79EFBC}") = "InstrumentLibrary", "InstrumentLibrary.csproj", "{24E026C4-B2C2-43AA-B9CE-B3860518016E}"
EndProject
Global
	GlobalSection(SolutionConfigurationPlatforms) = preSolution
		Debug|Any CPU = Debug|Any CPU
		Release|Any CPU = Release|Any CPU
	EndGlobalSection
	GlobalSection(ProjectConfigurationPlatforms) = postSolution
		{24E026C4-B2C2-43AA-B9CE-B3860518016E}.Debug|Any CPU.ActiveCfg = Debug|Any CPU
		{24E026C4-B2C2-43AA-B9CE-B3860518016E}.Debug|Any CPU.Build.0 = Debug|Any CPU
		{24E026C4-B2C2-43AA-B9CE-B3860518016E}.Release|Any CPU.ActiveCfg = Release|Any CPU
		{24E026C4-B2C2-43AA-B9CE-B3860518016E}.Release|Any CPU.Build.0 = Release|Any CPU
	EndGlobalSection
	GlobalSection(SolutionProperties) = preSolution
		HideSolutionNode = FALSE
	EndGlobalSection
	GlobalSection(ExtensibilityGlobals) = postSolution
		SolutionGuid = {087C9F89-46CA-437E-BEE0-DBD28AA6C966}
	EndGlobalSection
EndGlobal
